
Microsoft Visual Studio Solution File, Format Version 12.00
# Visual Studio Version 17
VisualStudioVersion = 17.7.34009.444
MinimumVisualStudioVersion = 10.0.40219.1
Project("{9A19103F-16F7-4668-BE54-9A1E7A4F7556}") = "DesignPatterns_HW2", "DesignPatterns_HW2\DesignPatterns_HW2.csproj", "{BCBAF446-393C-4B97-A38D-83CE82B26A53}"
EndProject
Project("{FAE04EC0-301F-11D3-BF4B-00C04F79EFBC}") = "DesignPatterns_HW2.Tests", "DesignPatterns_HW2.Tests\DesignPatterns_HW2.Tests.csproj", "{D6EA52EE-3041-4DBA-858B-96C6E4DAD69D}"
EndProject
Global
	GlobalSection(SolutionConfigurationPlatforms) = preSolution
		Debug|Any CPU = Debug|Any CPU
		Release|Any CPU = Release|Any CPU
	EndGlobalSection
	GlobalSection(ProjectConfigurationPlatforms) = postSolution
		{BCBAF446-393C-4B97-A38D-83CE82B26A53}.Debug|Any CPU.ActiveCfg = Debug|Any CPU
		{BCBAF446-393C-4B97-A38D-83CE82B26A53}.Debug|Any CPU.Build.0 = Debug|Any CPU
		{BCBAF446-393C-4B97-A38D-83CE82B26A53}.Release|Any CPU.ActiveCfg = Release|Any CPU
		{BCBAF446-393C-4B97-A38D-83CE82B26A53}.Release|Any CPU.Build.0 = Release|Any CPU
		{D6EA52EE-3041-4DBA-858B-96C6E4DAD69D}.Debug|Any CPU.ActiveCfg = Debug|Any CPU
		{D6EA52EE-3041-4DBA-858B-96C6E4DAD69D}.Debug|Any CPU.Build.0 = Debug|Any CPU
		{D6EA52EE-3041-4DBA-858B-96C6E4DAD69D}.Release|Any CPU.ActiveCfg = Release|Any CPU
		{D6EA52EE-3041-4DBA-858B-96C6E4DAD69D}.Release|Any CPU.Build.0 = Release|Any CPU
	EndGlobalSection
	GlobalSection(SolutionProperties) = preSolution
		HideSolutionNode = FALSE
	EndGlobalSection
	GlobalSection(ExtensibilityGlobals) = postSolution
		SolutionGuid = {182CAEE0-BF45-46CD-A609-9FA212CA47AF}
	EndGlobalSection
EndGlobal
